
Microsoft Visual Studio Solution File, Format Version 12.00
# Visual Studio 15
VisualStudioVersion = 15.0.28010.2041
MinimumVisualStudioVersion = 10.0.40219.1
Project("{FAE04EC0-301F-11D3-BF4B-00C04F79EFBC}") = "BookAppRazor", "BookAppRazor\BookAppRazor.csproj", "{5A5E0D17-7B3F-4AA8-9F52-428D01115675}"
EndProject
Global
	GlobalSection(SolutionConfigurationPlatforms) = preSolution
		Debug|Any CPU = Debug|Any CPU
		Release|Any CPU = Release|Any CPU
	EndGlobalSection
	GlobalSection(ProjectConfigurationPlatforms) = postSolution
		{5A5E0D17-7B3F-4AA8-9F52-428D01115675}.Debug|Any CPU.ActiveCfg = Debug|Any CPU
		{5A5E0D17-7B3F-4AA8-9F52-428D01115675}.Debug|Any CPU.Build.0 = Debug|Any CPU
		{5A5E0D17-7B3F-4AA8-9F52-428D01115675}.Release|Any CPU.ActiveCfg = Release|Any CPU
		{5A5E0D17-7B3F-4AA8-9F52-428D01115675}.Release|Any CPU.Build.0 = Release|Any CPU
	EndGlobalSection
	GlobalSection(SolutionProperties) = preSolution
		HideSolutionNode = FALSE
	EndGlobalSection
	GlobalSection(ExtensibilityGlobals) = postSolution
		SolutionGuid = {A79D18B9-43E2-4DE4-A07E-E466EB00FCAB}
	EndGlobalSection
EndGlobal
